hash: 87b606dd737910947a8184ae9d0122ec4f336512fe1baa37e9952aa1b5353e8c
updated: 2017-11-23T13:24:40.070450289+01:00
imports:
- name: github.com/kolo/xmlrpc
  version: 0826b98aaa29c0766956cb40d45cf7482a597671
- name: gopkg.in/xmlpath.v1
  version: a146725ea6e7e357ca683ef3e02e8a403742b9c0
testImports: []
